
Microsoft Visual Studio Solution File, Format Version 12.00
# Visual Studio Version 17
VisualStudioVersion = 17.7.34221.43
MinimumVisualStudioVersion = 10.0.40219.1
Project("{8BC9CEB8-8B4A-11D0-8D11-00A0C91BC942}") = "q1", "lab10\lab10.vcxproj", "{A33D8C50-1C55-45A9-A131-700368BF3F8C}"
EndProject
Project("{8BC9CEB8-8B4A-11D0-8D11-00A0C91BC942}") = "q3", "q3\q3.vcxproj", "{E247D476-E58E-427E-A29B-C076D5C2E32E}"
EndProject
Project("{8BC9CEB8-8B4A-11D0-8D11-00A0C91BC942}") = "q2", "q2\q2.vcxproj", "{7CDCC8B9-AB56-4AA5-8B35-84A766F1150B}"
EndProject
Project("{8BC9CEB8-8B4A-11D0-8D11-00A0C91BC942}") = "test", "test\test.vcxproj", "{F318A2DF-0061-45D9-90D4-7FB4874147E3}"
EndProject
Global
	GlobalSection(SolutionConfigurationPlatforms) = preSolution
		Debug|x64 = Debug|x64
		Debug|x86 = Debug|x86
		Release|x64 = Release|x64
		Release|x86 = Release|x86
	EndGlobalSection
	GlobalSection(ProjectConfigurationPlatforms) = postSolution
		{A33D8C50-1C55-45A9-A131-700368BF3F8C}.Debug|x64.ActiveCfg = Debug|x64
		{A33D8C50-1C55-45A9-A131-700368BF3F8C}.Debug|x64.Build.0 = Debug|x64
		{A33D8C50-1C55-45A9-A131-700368BF3F8C}.Debug|x86.ActiveCfg = Debug|Win32
		{A33D8C50-1C55-45A9-A131-700368BF3F8C}.Debug|x86.Build.0 = Debug|Win32
		{A33D8C50-1C55-45A9-A131-700368BF3F8C}.Release|x64.ActiveCfg = Release|x64
		{A33D8C50-1C55-45A9-A131-700368BF3F8C}.Release|x64.Build.0 = Release|x64
		{A33D8C50-1C55-45A9-A131-700368BF3F8C}.Release|x86.ActiveCfg = Release|Win32
		{A33D8C50-1C55-45A9-A131-700368BF3F8C}.Release|x86.Build.0 = Release|Win32
		{E247D476-E58E-427E-A29B-C076D5C2E32E}.Debug|x64.ActiveCfg = Debug|x64
		{E247D476-E58E-427E-A29B-C076D5C2E32E}.Debug|x64.Build.0 = Debug|x64
		{E247D476-E58E-427E-A29B-C076D5C2E32E}.Debug|x86.ActiveCfg = Debug|Win32
		{E247D476-E58E-427E-A29B-C076D5C2E32E}.Debug|x86.Build.0 = Debug|Win32
		{E247D476-E58E-427E-A29B-C076D5C2E32E}.Release|x64.ActiveCfg = Release|x64
		{E247D476-E58E-427E-A29B-C076D5C2E32E}.Release|x64.Build.0 = Release|x64
		{E247D476-E58E-427E-A29B-C076D5C2E32E}.Release|x86.ActiveCfg = Release|Win32
		{E247D476-E58E-427E-A29B-C076D5C2E32E}.Release|x86.Build.0 = Release|Win32
		{7CDCC8B9-AB56-4AA5-8B35-84A766F1150B}.Debug|x64.ActiveCfg = Debug|x64
		{7CDCC8B9-AB56-4AA5-8B35-84A766F1150B}.Debug|x64.Build.0 = Debug|x64
		{7CDCC8B9-AB56-4AA5-8B35-84A766F1150B}.Debug|x86.ActiveCfg = Debug|Win32
		{7CDCC8B9-AB56-4AA5-8B35-84A766F1150B}.Debug|x86.Build.0 = Debug|Win32
		{7CDCC8B9-AB56-4AA5-8B35-84A766F1150B}.Release|x64.ActiveCfg = Release|x64
		{7CDCC8B9-AB56-4AA5-8B35-84A766F1150B}.Release|x64.Build.0 = Release|x64
		{7CDCC8B9-AB56-4AA5-8B35-84A766F1150B}.Release|x86.ActiveCfg = Release|Win32
		{7CDCC8B9-AB56-4AA5-8B35-84A766F1150B}.Release|x86.Build.0 = Release|Win32
		{F318A2DF-0061-45D9-90D4-7FB4874147E3}.Debug|x64.ActiveCfg = Debug|x64
		{F318A2DF-0061-45D9-90D4-7FB4874147E3}.Debug|x64.Build.0 = Debug|x64
		{F318A2DF-0061-45D9-90D4-7FB4874147E3}.Debug|x86.ActiveCfg = Debug|Win32
		{F318A2DF-0061-45D9-90D4-7FB4874147E3}.Debug|x86.Build.0 = Debug|Win32
		{F318A2DF-0061-45D9-90D4-7FB4874147E3}.Release|x64.ActiveCfg = Release|x64
		{F318A2DF-0061-45D9-90D4-7FB4874147E3}.Release|x64.Build.0 = Release|x64
		{F318A2DF-0061-45D9-90D4-7FB4874147E3}.Release|x86.ActiveCfg = Release|Win32
		{F318A2DF-0061-45D9-90D4-7FB4874147E3}.Release|x86.Build.0 = Release|Win32
	EndGlobalSection
	GlobalSection(SolutionProperties) = preSolution
		HideSolutionNode = FALSE
	EndGlobalSection
	GlobalSection(ExtensibilityGlobals) = postSolution
		SolutionGuid = {CD909720-BF96-4F6F-8C42-296B889C9791}
	EndGlobalSection
EndGlobal
